// !$*UTF8*$!
{
	archiveVersion = 1;
	classes = {
	};
	objectVersion = 50;
	objects = {

/* Begin PBXBuildFile section */
		B20A7CB6251A65FA00C24EEE /* CustomCollectionViewCell.swift in Sources */ = {isa = PBXBuildFile; fileRef = B20A7CB5251A65FA00C24EEE /* CustomCollectionViewCell.swift */; };
		B270DF1C251925C100851014 /* AppDelegate.swift in Sources */ = {isa = PBXBuildFile; fileRef = B270DF1B251925C100851014 /* AppDelegate.swift */; };
		B270DF1E251925C100851014 /* SceneDelegate.swift in Sources */ = {isa = PBXBuildFile; fileRef = B270DF1D251925C100851014 /* SceneDelegate.swift */; };
		B270DF20251925C100851014 /* ViewController.swift in Sources */ = {isa = PBXBuildFile; fileRef = B270DF1F251925C100851014 /* ViewController.swift */; };
		B270DF26251925C100851014 /* MyWardrobe.xcdatamodeld in Sources */ = {isa = PBXBuildFile; fileRef = B270DF24251925C100851014 /* MyWardrobe.xcdatamodeld */; };
		B270DF28251925C200851014 /* Assets.xcassets in Resources */ = {isa = PBXBuildFile; fileRef = B270DF27251925C200851014 /* Assets.xcassets */; };
		B270DF2B251925C200851014 /* LaunchScreen.storyboard in Resources */ = {isa = PBXBuildFile; fileRef = B270DF29251925C200851014 /* LaunchScreen.storyboard */; };
		B270DF3B25192B0A00851014 /* WeatherViewController.swift in Sources */ = {isa = PBXBuildFile; fileRef = B270DF3A25192B0A00851014 /* WeatherViewController.swift */; };
		B270DF4025192CCA00851014 /* ClosetViewController.swift in Sources */ = {isa = PBXBuildFile; fileRef = B270DF3F25192CCA00851014 /* ClosetViewController.swift */; };
/* End PBXBuildFile section */

/* Begin PBXFileReference section */
		B20A7CB5251A65FA00C24EEE /* CustomCollectionViewCell.swift */ = {isa = PBXFileReference; lastKnownFileType = sourcecode.swift; path = CustomCollectionViewCell.swift; sourceTree = "<group>"; };
		B270DF18251925C100851014 /* MyWardrobe.app */ = {isa = PBXFileReference; explicitFileType = wrapper.application; includeInIndex = 0; path = MyWardrobe.app; sourceTree = BUILT_PRODUCTS_DIR; };
		B270DF1B251925C100851014 /* AppDelegate.swift */ = {isa = PBXFileReference; lastKnownFileType = sourcecode.swift; path = AppDelegate.swift; sourceTree = "<group>"; };
		B270DF1D251925C100851014 /* SceneDelegate.swift */ = {isa = PBXFileReference; lastKnownFileType = sourcecode.swift; path = SceneDelegate.swift; sourceTree = "<group>"; };
		B270DF1F251925C100851014 /* ViewController.swift */ = {isa = PBXFileReference; lastKnownFileType = sourcecode.swift; path = ViewController.swift; sourceTree = "<group>"; };
		B270DF25251925C100851014 /* MyWardrobe.xcdatamodel */ = {isa = PBXFileReference; lastKnownFileType = wrapper.xcdatamodel; path = MyWardrobe.xcdatamodel; sourceTree = "<group>"; };
		B270DF27251925C200851014 /* Assets.xcassets */ = {isa = PBXFileReference; lastKnownFileType = folder.assetcatalog; path = Assets.xcassets; sourceTree = "<group>"; };
		B270DF2A251925C200851014 /* Base */ = {isa = PBXFileReference; lastKnownFileType = file.storyboard; name = Base; path = Base.lproj/LaunchScreen.storyboard; sourceTree = "<group>"; };
		B270DF2C251925C200851014 /* Info.plist */ = {isa = PBXFileReference; lastKnownFileType = text.plist.xml; path = Info.plist; sourceTree = "<group>"; };
		B270DF3A25192B0A00851014 /* WeatherViewController.swift */ = {isa = PBXFileReference; lastKnownFileType = sourcecode.swift; path = WeatherViewController.swift; sourceTree = "<group>"; };
		B270DF3F25192CCA00851014 /* ClosetViewController.swift */ = {isa = PBXFileReference; lastKnownFileType = sourcecode.swift; path = ClosetViewController.swift; sourceTree = "<group>"; };
/* End PBXFileReference section */

/* Begin PBXFrameworksBuildPhase section */
		B270DF15251925C100851014 /* Frameworks */ = {
			isa = PBXFrameworksBuildPhase;
			buildActionMask = 2147483647;
			files = (
			);
			runOnlyForDeploymentPostprocessing = 0;
		};
/* End PBXFrameworksBuildPhase section */

/* Begin PBXGroup section */
		B270DF0F251925C100851014 = {
			isa = PBXGroup;
			children = (
				B270DF1A251925C100851014 /* MyWardrobe */,
				B270DF19251925C100851014 /* Products */,
			);
			sourceTree = "<group>";
		};
		B270DF19251925C100851014 /* Products */ = {
			isa = PBXGroup;
			children = (
				B270DF18251925C100851014 /* MyWardrobe.app */,
			);
			name = Products;
			sourceTree = "<group>";
		};
		B270DF1A251925C100851014 /* MyWardrobe */ = {
			isa = PBXGroup;
			children = (
				B270DF3525192A8B00851014 /* ViewControllers */,
				B270DF1B251925C100851014 /* AppDelegate.swift */,
				B270DF1D251925C100851014 /* SceneDelegate.swift */,
				B270DF27251925C200851014 /* Assets.xcassets */,
				B270DF29251925C200851014 /* LaunchScreen.storyboard */,
				B270DF2C251925C200851014 /* Info.plist */,
				B270DF24251925C100851014 /* MyWardrobe.xcdatamodeld */,
			);
			path = MyWardrobe;
			sourceTree = "<group>";
		};
		B270DF3525192A8B00851014 /* ViewControllers */ = {
			isa = PBXGroup;
			children = (
				B270DF1F251925C100851014 /* ViewController.swift */,
				B270DF3A25192B0A00851014 /* WeatherViewController.swift */,
				B270DF3F25192CCA00851014 /* ClosetViewController.swift */,
				B20A7CB5251A65FA00C24EEE /* CustomCollectionViewCell.swift */,
			);
			path = ViewControllers;
			sourceTree = "<group>";
		};
/* End PBXGroup section */

/* Begin PBXNativeTarget section */
		B270DF17251925C100851014 /* MyWardrobe */ = {
			isa = PBXNativeTarget;
			buildConfigurationList = B270DF2F251925C200851014 /* Build configuration list for PBXNativeTarget "MyWardrobe" */;
			buildPhases = (
				B270DF14251925C100851014 /* Sources */,
				B270DF15251925C100851014 /* Frameworks */,
				B270DF16251925C100851014 /* Resources */,
			);
			buildRules = (
			);
			dependencies = (
			);
			name = MyWardrobe;
			productName = MyWardrobe;
			productReference = B270DF18251925C100851014 /* MyWardrobe.app */;
			productType = "com.apple.product-type.application";
		};
/* End PBXNativeTarget section */

/* Begin PBXProject section */
		B270DF10251925C100851014 /* Project object */ = {
			isa = PBXProject;
			attributes = {
				LastSwiftUpdateCheck = 1200;
				LastUpgradeCheck = 1200;
				TargetAttributes = {
					B270DF17251925C100851014 = {
						CreatedOnToolsVersion = 12.0;
					};
				};
			};
			buildConfigurationList = B270DF13251925C100851014 /* Build configuration list for PBXProject "MyWardrobe" */;
			compatibilityVersion = "Xcode 9.3";
			developmentRegion = en;
			hasScannedForEncodings = 0;
			knownRegions = (
				en,
				Base,
			);
			mainGroup = B270DF0F251925C100851014;
			productRefGroup = B270DF19251925C100851014 /* Products */;
			projectDirPath = "";
			projectRoot = "";
			targets = (
				B270DF17251925C100851014 /* MyWardrobe */,
			);
		};
/* End PBXProject section */

/* Begin PBXResourcesBuildPhase section */
		B270DF16251925C100851014 /* Resources */ = {
			isa = PBXResourcesBuildPhase;
			buildActionMask = 2147483647;
			files = (
				B270DF2B251925C200851014 /* LaunchScreen.storyboard in Resources */,
				B270DF28251925C200851014 /* Assets.xcassets in Resources */,
			);
			runOnlyForDeploymentPostprocessing = 0;
		};
/* End PBXResourcesBuildPhase section */

/* Begin PBXSourcesBuildPhase section */
		B270DF14251925C100851014 /* Sources */ = {
			isa = PBXSourcesBuildPhase;
			buildActionMask = 2147483647;
			files = (
				B270DF20251925C100851014 /* ViewController.swift in Sources */,
				B20A7CB6251A65FA00C24EEE /* CustomCollectionViewCell.swift in Sources */,
				B270DF3B25192B0A00851014 /* WeatherViewController.swift in Sources */,
				B270DF4025192CCA00851014 /* ClosetViewController.swift in Sources */,
				B270DF1C251925C100851014 /* AppDelegate.swift in Sources */,
				B270DF1E251925C100851014 /* SceneDelegate.swift in Sources */,
				B270DF26251925C100851014 /* MyWardrobe.xcdatamodeld in Sources */,
			);
			runOnlyForDeploymentPostprocessing = 0;
		};
/* End PBXSourcesBuildPhase section */

/* Begin PBXVariantGroup section */
		B270DF29251925C200851014 /* LaunchScreen.storyboard */ = {
			isa = PBXVariantGroup;
			children = (
				B270DF2A251925C200851014 /* Base */,
			);
			name = LaunchScreen.storyboard;
			sourceTree = "<group>";
		};
/* End PBXVariantGroup section */

/* Begin XCBuildConfiguration section */
		B270DF2D251925C200851014 /* Debug */ = {
			isa = XCBuildConfiguration;
			buildSettings = {
				ALWAYS_SEARCH_USER_PATHS = NO;
				CLANG_ANALYZER_NONNULL = YES;
				CLANG_ANALYZER_NUMBER_OBJECT_CONVERSION = YES_AGGRESSIVE;
				CLANG_CXX_LANGUAGE_STANDARD = "gnu++14";
				CLANG_CXX_LIBRARY = "libc++";
				CLANG_ENABLE_MODULES = YES;
				CLANG_ENABLE_OBJC_ARC = YES;
				CLANG_ENABLE_OBJC_WEAK = YES;
				CLANG_WARN_BLOCK_CAPTURE_AUTORELEASING = YES;
				CLANG_WARN_BOOL_CONVERSION = YES;
				CLANG_WARN_COMMA = YES;
				CLANG_WARN_CONSTANT_CONVERSION = YES;
				CLANG_WARN_DEPRECATED_OBJC_IMPLEMENTATIONS = YES;
				CLANG_WARN_DIRECT_OBJC_ISA_USAGE = YES_ERROR;
				CLANG_WARN_DOCUMENTATION_COMMENTS = YES;
				CLANG_WARN_EMPTY_BODY = YES;
				CLANG_WARN_ENUM_CONVERSION = YES;
				CLANG_WARN_INFINITE_RECURSION = YES;
				CLANG_WARN_INT_CONVERSION = YES;
				CLANG_WARN_NON_LITERAL_NULL_CONVERSION = YES;
				CLANG_WARN_OBJC_IMPLICIT_RETAIN_SELF = YES;
				CLANG_WARN_OBJC_LITERAL_CONVERSION = YES;
				CLANG_WARN_OBJC_ROOT_CLASS = YES_ERROR;
				CLANG_WARN_QUOTED_INCLUDE_IN_FRAMEWORK_HEADER = YES;
				CLANG_WARN_RANGE_LOOP_ANALYSIS = YES;
				CLANG_WARN_STRICT_PROTOTYPES = YES;
				CLANG_WARN_SUSPICIOUS_MOVE = YES;
				CLANG_WARN_UNGUARDED_AVAILABILITY = YES_AGGRESSIVE;
				CLANG_WARN_UNREACHABLE_CODE = YES;
				CLANG_WARN__DUPLICATE_METHOD_MATCH = YES;
				COPY_PHASE_STRIP = NO;
				DEBUG_INFORMATION_FORMAT = dwarf;
				ENABLE_STRICT_OBJC_MSGSEND = YES;
				ENABLE_TESTABILITY = YES;
				GCC_C_LANGUAGE_STANDARD = gnu11;
				GCC_DYNAMIC_NO_PIC = NO;
				GCC_NO_COMMON_BLOCKS = YES;
				GCC_OPTIMIZATION_LEVEL = 0;
				GCC_PREPROCESSOR_DEFINITIONS = (
					"DEBUG=1",
					"$(inherited)",
				);
				GCC_WARN_64_TO_32_BIT_CONVERSION = YES;
				GCC_WARN_ABOUT_RETURN_TYPE = YES_ERROR;
				GCC_WARN_UNDECLARED_SELECTOR = YES;
				GCC_WARN_UNINITIALIZED_AUTOS = YES_AGGRESSIVE;
				GCC_WARN_UNUSED_FUNCTION = YES;
				GCC_WARN_UNUSED_VARIABLE = YES;
				IPHONEOS_DEPLOYMENT_TARGET = 14.0;
				MTL_ENABLE_DEBUG_INFO = INCLUDE_SOURCE;
				MTL_FAST_MATH = YES;
				ONLY_ACTIVE_ARCH = YES;
				SDKROOT = iphoneos;
				SWIFT_ACTIVE_COMPILATION_CONDITIONS = DEBUG;
				SWIFT_OPTIMIZATION_LEVEL = "-Onone";
			};
			name = Debug;
		};
		B270DF2E251925C200851014 /* Release */ = {
			isa = XCBuildConfiguration;
			buildSettings = {
				ALWAYS_SEARCH_USER_PATHS = NO;
				CLANG_ANALYZER_NONNULL = YES;
				CLANG_ANALYZER_NUMBER_OBJECT_CONVERSION = YES_AGGRESSIVE;
				CLANG_CXX_LANGUAGE_STANDARD = "gnu++14";
				CLANG_CXX_LIBRARY = "libc++";
				CLANG_ENABLE_MODULES = YES;
				CLANG_ENABLE_OBJC_ARC = YES;
				CLANG_ENABLE_OBJC_WEAK = YES;
				CLANG_WARN_BLOCK_CAPTURE_AUTORELEASING = YES;
				CLANG_WARN_BOOL_CONVERSION = YES;
				CLANG_WARN_COMMA = YES;
				CLANG_WARN_CONSTANT_CONVERSION = YES;
				CLANG_WARN_DEPRECATED_OBJC_IMPLEMENTATIONS = YES;
				CLANG_WARN_DIRECT_OBJC_ISA_USAGE = YES_ERROR;
				CLANG_WARN_DOCUMENTATION_COMMENTS = YES;
				CLANG_WARN_EMPTY_BODY = YES;
				CLANG_WARN_ENUM_CONVERSION = YES;
				CLANG_WARN_INFINITE_RECURSION = YES;
				CLANG_WARN_INT_CONVERSION = YES;
				CLANG_WARN_NON_LITERAL_NULL_CONVERSION = YES;
				CLANG_WARN_OBJC_IMPLICIT_RETAIN_SELF = YES;
				CLANG_WARN_OBJC_LITERAL_CONVERSION = YES;
				CLANG_WARN_OBJC_ROOT_CLASS = YES_ERROR;
				CLANG_WARN_QUOTED_INCLUDE_IN_FRAMEWORK_HEADER = YES;
				CLANG_WARN_RANGE_LOOP_ANALYSIS = YES;
				CLANG_WARN_STRICT_PROTOTYPES = YES;
				CLANG_WARN_SUSPICIOUS_MOVE = YES;
				CLANG_WARN_UNGUARDED_AVAILABILITY = YES_AGGRESSIVE;
				CLANG_WARN_UNREACHABLE_CODE = YES;
				CLANG_WARN__DUPLICATE_METHOD_MATCH = YES;
				COPY_PHASE_STRIP = NO;
				DEBUG_INFORMATION_FORMAT = "dwarf-with-dsym";
				ENABLE_NS_ASSERTIONS = NO;
				ENABLE_STRICT_OBJC_MSGSEND = YES;
				GCC_C_LANGUAGE_STANDARD = gnu11;
				GCC_NO_COMMON_BLOCKS = YES;
				GCC_WARN_64_TO_32_BIT_CONVERSION = YES;
				GCC_WARN_ABOUT_RETURN_TYPE = YES_ERROR;
				GCC_WARN_UNDECLARED_SELECTOR = YES;
				GCC_WARN_UNINITIALIZED_AUTOS = YES_AGGRESSIVE;
				GCC_WARN_UNUSED_FUNCTION = YES;
				GCC_WARN_UNUSED_VARIABLE = YES;
				IPHONEOS_DEPLOYMENT_TARGET = 14.0;
				MTL_ENABLE_DEBUG_INFO = NO;
				MTL_FAST_MATH = YES;
				SDKROOT = iphoneos;
				SWIFT_COMPILATION_MODE = wholemodule;
				SWIFT_OPTIMIZATION_LEVEL = "-O";
				VALIDATE_PRODUCT = YES;
			};
			name = Release;
		};
		B270DF30251925C200851014 /* Debug */ = {
			isa = XCBuildConfiguration;
			buildSettings = {
				ASSETCATALOG_COMPILER_APPICON_NAME = AppIcon;
				ASSETCATALOG_COMPILER_GLOBAL_ACCENT_COLOR_NAME = AccentColor;
				CODE_SIGN_STYLE = Automatic;
				DEVELOPMENT_TEAM = LVUJURGN29;
				INFOPLIST_FILE = MyWardrobe/Info.plist;
				LD_RUNPATH_SEARCH_PATHS = (
					"$(inherited)",
					"@executable_path/Frameworks",
				);
				PRODUCT_BUNDLE_IDENTIFIER = com.elliottkung.MyWardrobe;
				PRODUCT_NAME = "$(TARGET_NAME)";
				SWIFT_VERSION = 5.0;
				TARGETED_DEVICE_FAMILY = "1,2";
			};
			name = Debug;
		};
		B270DF31251925C200851014 /* Release */ = {
			isa = XCBuildConfiguration;
			buildSettings = {
				ASSETCATALOG_COMPILER_APPICON_NAME = AppIcon;
				ASSETCATALOG_COMPILER_GLOBAL_ACCENT_COLOR_NAME = AccentColor;
				CODE_SIGN_STYLE = Automatic;
				DEVELOPMENT_TEAM = LVUJURGN29;
				INFOPLIST_FILE = MyWardrobe/Info.plist;
				LD_RUNPATH_SEARCH_PATHS = (
					"$(inherited)",
					"@executable_path/Frameworks",
				);
				PRODUCT_BUNDLE_IDENTIFIER = com.elliottkung.MyWardrobe;
				PRODUCT_NAME = "$(TARGET_NAME)";
				SWIFT_VERSION = 5.0;
				TARGETED_DEVICE_FAMILY = "1,2";
			};
			name = Release;
		};
/* End XCBuildConfiguration section */

/* Begin XCConfigurationList section */
		B270DF13251925C100851014 /* Build configuration list for PBXProject "MyWardrobe" */ = {
			isa = XCConfigurationList;
			buildConfigurations = (
				B270DF2D251925C200851014 /* Debug */,
				B270DF2E251925C200851014 /* Release */,
			);
			defaultConfigurationIsVisible = 0;
			defaultConfigurationName = Release;
		};
		B270DF2F251925C200851014 /* Build configuration list for PBXNativeTarget "MyWardrobe" */ = {
			isa = XCConfigurationList;
			buildConfigurations = (
				B270DF30251925C200851014 /* Debug */,
				B270DF31251925C200851014 /* Release */,
			);
			defaultConfigurationIsVisible = 0;
			defaultConfigurationName = Release;
		};
/* End XCConfigurationList section */

/* Begin XCVersionGroup section */
		B270DF24251925C100851014 /* MyWardrobe.xcdatamodeld */ = {
			isa = XCVersionGroup;
			children = (
				B270DF25251925C100851014 /* MyWardrobe.xcdatamodel */,
			);
			currentVersion = B270DF25251925C100851014 /* MyWardrobe.xcdatamodel */;
			path = MyWardrobe.xcdatamodeld;
			sourceTree = "<group>";
			versionGroupType = wrapper.xcdatamodel;
		};
/* End XCVersionGroup section */
	};
	rootObject = B270DF10251925C100851014 /* Project object */;
}
